
Microsoft Visual Studio Solution File, Format Version 12.00
# Visual Studio Version 17
VisualStudioVersion = 17.14.36603.0 d17.14
MinimumVisualStudioVersion = 10.0.40219.1
Project("{FAE04EC0-301F-11D3-BF4B-00C04F79EFBC}") = "con leds", "con leds.csproj", "{4AC984E7-8493-4B2A-868F-23834F09536E}"
EndProject
Global
	GlobalSection(SolutionConfigurationPlatforms) = preSolution
		Debug|Any CPU = Debug|Any CPU
		Release|Any CPU = Release|Any CPU
	EndGlobalSection
	GlobalSection(ProjectConfigurationPlatforms) = postSolution
		{4AC984E7-8493-4B2A-868F-23834F09536E}.Debug|Any CPU.ActiveCfg = Debug|Any CPU
		{4AC984E7-8493-4B2A-868F-23834F09536E}.Debug|Any CPU.Build.0 = Debug|Any CPU
		{4AC984E7-8493-4B2A-868F-23834F09536E}.Release|Any CPU.ActiveCfg = Release|Any CPU
		{4AC984E7-8493-4B2A-868F-23834F09536E}.Release|Any CPU.Build.0 = Release|Any CPU
	EndGlobalSection
	GlobalSection(SolutionProperties) = preSolution
		HideSolutionNode = FALSE
	EndGlobalSection
	GlobalSection(ExtensibilityGlobals) = postSolution
		SolutionGuid = {3ABE018F-7327-45F1-9645-C13EDB699380}
	EndGlobalSection
EndGlobal
